// !$*UTF8*$!
{
	archiveVersion = 1;
	classes = {
	};
	objectVersion = 56;
	objects = {

/* Begin PBXBuildFile section */
		1A27F76E2A7E4C7F00D69BDC /* TaskDetailsView.swift in Sources */ = {isa = PBXBuildFile; fileRef = 1A27F76D2A7E4C7F00D69BDC /* TaskDetailsView.swift */; };
		1A44C16A2A7D384400AC7A91 /* Project1App.swift in Sources */ = {isa = PBXBuildFile; fileRef = 1A44C1692A7D384400AC7A91 /* Project1App.swift */; };
		1A44C16C2A7D384400AC7A91 /* ContentView.swift in Sources */ = {isa = PBXBuildFile; fileRef = 1A44C16B2A7D384400AC7A91 /* ContentView.swift */; };
		1A44C16E2A7D384500AC7A91 /* Assets.xcassets in Resources */ = {isa = PBXBuildFile; fileRef = 1A44C16D2A7D384500AC7A91 /* Assets.xcassets */; };
		1A44C1712A7D384500AC7A91 /* Preview Assets.xcassets in Resources */ = {isa = PBXBuildFile; fileRef = 1A44C1702A7D384500AC7A91 /* Preview Assets.xcassets */; };
		1A44C17B2A7D785700AC7A91 /* TaskData.swift in Sources */ = {isa = PBXBuildFile; fileRef = 1A44C17A2A7D785700AC7A91 /* TaskData.swift */; };
		1A44C17D2A7D79A200AC7A91 /* Priority.swift in Sources */ = {isa = PBXBuildFile; fileRef = 1A44C17C2A7D79A200AC7A91 /* Priority.swift */; };
		1A44C17F2A7D7A7F00AC7A91 /* Status.swift in Sources */ = {isa = PBXBuildFile; fileRef = 1A44C17E2A7D7A7F00AC7A91 /* Status.swift */; };
		1A44C1832A7D82F400AC7A91 /* TaskViewModel.swift in Sources */ = {isa = PBXBuildFile; fileRef = 1A44C1822A7D82F400AC7A91 /* TaskViewModel.swift */; };
		1A44C1852A7D8BE400AC7A91 /* AddView.swift in Sources */ = {isa = PBXBuildFile; fileRef = 1A44C1842A7D8BE400AC7A91 /* AddView.swift */; };
		1AC9B7092A7EB9D000906B6B /* File.swift in Sources */ = {isa = PBXBuildFile; fileRef = 1AC9B7082A7EB9D000906B6B /* File.swift */; };
/* End PBXBuildFile section */

/* Begin PBXFileReference section */
		1A27F76D2A7E4C7F00D69BDC /* TaskDetailsView.swift */ = {isa = PBXFileReference; lastKnownFileType = sourcecode.swift; path = TaskDetailsView.swift; sourceTree = "<group>"; };
		1A44C1662A7D384400AC7A91 /* Project1.app */ = {isa = PBXFileReference; explicitFileType = wrapper.application; includeInIndex = 0; path = Project1.app; sourceTree = BUILT_PRODUCTS_DIR; };
		1A44C1692A7D384400AC7A91 /* Project1App.swift */ = {isa = PBXFileReference; lastKnownFileType = sourcecode.swift; path = Project1App.swift; sourceTree = "<group>"; };
		1A44C16B2A7D384400AC7A91 /* ContentView.swift */ = {isa = PBXFileReference; lastKnownFileType = sourcecode.swift; path = ContentView.swift; sourceTree = "<group>"; };
		1A44C16D2A7D384500AC7A91 /* Assets.xcassets */ = {isa = PBXFileReference; lastKnownFileType = folder.assetcatalog; path = Assets.xcassets; sourceTree = "<group>"; };
		1A44C1702A7D384500AC7A91 /* Preview Assets.xcassets */ = {isa = PBXFileReference; lastKnownFileType = folder.assetcatalog; path = "Preview Assets.xcassets"; sourceTree = "<group>"; };
		1A44C17A2A7D785700AC7A91 /* TaskData.swift */ = {isa = PBXFileReference; lastKnownFileType = sourcecode.swift; path = TaskData.swift; sourceTree = "<group>"; };
		1A44C17C2A7D79A200AC7A91 /* Priority.swift */ = {isa = PBXFileReference; lastKnownFileType = sourcecode.swift; path = Priority.swift; sourceTree = "<group>"; };
		1A44C17E2A7D7A7F00AC7A91 /* Status.swift */ = {isa = PBXFileReference; lastKnownFileType = sourcecode.swift; path = Status.swift; sourceTree = "<group>"; };
		1A44C1822A7D82F400AC7A91 /* TaskViewModel.swift */ = {isa = PBXFileReference; lastKnownFileType = sourcecode.swift; path = TaskViewModel.swift; sourceTree = "<group>"; };
		1A44C1842A7D8BE400AC7A91 /* AddView.swift */ = {isa = PBXFileReference; lastKnownFileType = sourcecode.swift; path = AddView.swift; sourceTree = "<group>"; };
		1AC9B7082A7EB9D000906B6B /* File.swift */ = {isa = PBXFileReference; lastKnownFileType = sourcecode.swift; path = File.swift; sourceTree = "<group>"; };
/* End PBXFileReference section */

/* Begin PBXFrameworksBuildPhase section */
		1A44C1632A7D384400AC7A91 /* Frameworks */ = {
			isa = PBXFrameworksBuildPhase;
			buildActionMask = 2147483647;
			files = (
			);
			runOnlyForDeploymentPostprocessing = 0;
		};
/* End PBXFrameworksBuildPhase section */

/* Begin PBXGroup section */
		1A44C15D2A7D384400AC7A91 = {
			isa = PBXGroup;
			children = (
				1A44C1682A7D384400AC7A91 /* Project1 */,
				1A44C1672A7D384400AC7A91 /* Products */,
			);
			sourceTree = "<group>";
		};
		1A44C1672A7D384400AC7A91 /* Products */ = {
			isa = PBXGroup;
			children = (
				1A44C1662A7D384400AC7A91 /* Project1.app */,
			);
			name = Products;
			sourceTree = "<group>";
		};
		1A44C1682A7D384400AC7A91 /* Project1 */ = {
			isa = PBXGroup;
			children = (
				1A44C1792A7D4EE100AC7A91 /* Models */,
				1A44C1782A7D4ED600AC7A91 /* Views */,
				1A44C1772A7D4EC000AC7A91 /* ViewModel */,
				1A44C1692A7D384400AC7A91 /* Project1App.swift */,
				1A44C16D2A7D384500AC7A91 /* Assets.xcassets */,
				1A44C16F2A7D384500AC7A91 /* Preview Content */,
			);
			path = Project1;
			sourceTree = "<group>";
		};
		1A44C16F2A7D384500AC7A91 /* Preview Content */ = {
			isa = PBXGroup;
			children = (
				1A44C1702A7D384500AC7A91 /* Preview Assets.xcassets */,
			);
			path = "Preview Content";
			sourceTree = "<group>";
		};
		1A44C1772A7D4EC000AC7A91 /* ViewModel */ = {
			isa = PBXGroup;
			children = (
				1A44C1822A7D82F400AC7A91 /* TaskViewModel.swift */,
				1AC9B7082A7EB9D000906B6B /* File.swift */,
			);
			path = ViewModel;
			sourceTree = "<group>";
		};
		1A44C1782A7D4ED600AC7A91 /* Views */ = {
			isa = PBXGroup;
			children = (
				1A44C16B2A7D384400AC7A91 /* ContentView.swift */,
				1A44C1842A7D8BE400AC7A91 /* AddView.swift */,
				1A27F76D2A7E4C7F00D69BDC /* TaskDetailsView.swift */,
			);
			path = Views;
			sourceTree = "<group>";
		};
		1A44C1792A7D4EE100AC7A91 /* Models */ = {
			isa = PBXGroup;
			children = (
				1A44C17A2A7D785700AC7A91 /* TaskData.swift */,
				1A44C17C2A7D79A200AC7A91 /* Priority.swift */,
				1A44C17E2A7D7A7F00AC7A91 /* Status.swift */,
			);
			path = Models;
			sourceTree = "<group>";
		};
/* End PBXGroup section */

/* Begin PBXNativeTarget section */
		1A44C1652A7D384400AC7A91 /* Project1 */ = {
			isa = PBXNativeTarget;
			buildConfigurationList = 1A44C1742A7D384500AC7A91 /* Build configuration list for PBXNativeTarget "Project1" */;
			buildPhases = (
				1A44C1622A7D384400AC7A91 /* Sources */,
				1A44C1632A7D384400AC7A91 /* Frameworks */,
				1A44C1642A7D384400AC7A91 /* Resources */,
			);
			buildRules = (
			);
			dependencies = (
			);
			name = Project1;
			productName = Project1;
			productReference = 1A44C1662A7D384400AC7A91 /* Project1.app */;
			productType = "com.apple.product-type.application";
		};
/* End PBXNativeTarget section */

/* Begin PBXProject section */
		1A44C15E2A7D384400AC7A91 /* Project object */ = {
			isa = PBXProject;
			attributes = {
				BuildIndependentTargetsInParallel = 1;
				LastSwiftUpdateCheck = 1430;
				LastUpgradeCheck = 1430;
				TargetAttributes = {
					1A44C1652A7D384400AC7A91 = {
						CreatedOnToolsVersion = 14.3.1;
					};
				};
			};
			buildConfigurationList = 1A44C1612A7D384400AC7A91 /* Build configuration list for PBXProject "Project1" */;
			compatibilityVersion = "Xcode 14.0";
			developmentRegion = en;
			hasScannedForEncodings = 0;
			knownRegions = (
				en,
				Base,
			);
			mainGroup = 1A44C15D2A7D384400AC7A91;
			productRefGroup = 1A44C1672A7D384400AC7A91 /* Products */;
			projectDirPath = "";
			projectRoot = "";
			targets = (
				1A44C1652A7D384400AC7A91 /* Project1 */,
			);
		};
/* End PBXProject section */

/* Begin PBXResourcesBuildPhase section */
		1A44C1642A7D384400AC7A91 /* Resources */ = {
			isa = PBXResourcesBuildPhase;
			buildActionMask = 2147483647;
			files = (
				1A44C1712A7D384500AC7A91 /* Preview Assets.xcassets in Resources */,
				1A44C16E2A7D384500AC7A91 /* Assets.xcassets in Resources */,
			);
			runOnlyForDeploymentPostprocessing = 0;
		};
/* End PBXResourcesBuildPhase section */

/* Begin PBXSourcesBuildPhase section */
		1A44C1622A7D384400AC7A91 /* Sources */ = {
			isa = PBXSourcesBuildPhase;
			buildActionMask = 2147483647;
			files = (
				1A44C1852A7D8BE400AC7A91 /* AddView.swift in Sources */,
				1A44C16C2A7D384400AC7A91 /* ContentView.swift in Sources */,
				1A44C1832A7D82F400AC7A91 /* TaskViewModel.swift in Sources */,
				1A44C17F2A7D7A7F00AC7A91 /* Status.swift in Sources */,
				1A44C16A2A7D384400AC7A91 /* Project1App.swift in Sources */,
				1A27F76E2A7E4C7F00D69BDC /* TaskDetailsView.swift in Sources */,
				1A44C17B2A7D785700AC7A91 /* TaskData.swift in Sources */,
				1A44C17D2A7D79A200AC7A91 /* Priority.swift in Sources */,
				1AC9B7092A7EB9D000906B6B /* File.swift in Sources */,
			);
			runOnlyForDeploymentPostprocessing = 0;
		};
/* End PBXSourcesBuildPhase section */

/* Begin XCBuildConfiguration section */
		1A44C1722A7D384500AC7A91 /* Debug */ = {
			isa = XCBuildConfiguration;
			buildSettings = {
				ALWAYS_SEARCH_USER_PATHS = NO;
				CLANG_ANALYZER_NONNULL = YES;
				CLANG_ANALYZER_NUMBER_OBJECT_CONVERSION = YES_AGGRESSIVE;
				CLANG_CXX_LANGUAGE_STANDARD = "gnu++20";
				CLANG_ENABLE_MODULES = YES;
				CLANG_ENABLE_OBJC_ARC = YES;
				CLANG_ENABLE_OBJC_WEAK = YES;
				CLANG_WARN_BLOCK_CAPTURE_AUTORELEASING = YES;
				CLANG_WARN_BOOL_CONVERSION = YES;
				CLANG_WARN_COMMA = YES;
				CLANG_WARN_CONSTANT_CONVERSION = YES;
				CLANG_WARN_DEPRECATED_OBJC_IMPLEMENTATIONS = YES;
				CLANG_WARN_DIRECT_OBJC_ISA_USAGE = YES_ERROR;
				CLANG_WARN_DOCUMENTATION_COMMENTS = YES;
				CLANG_WARN_EMPTY_BODY = YES;
				CLANG_WARN_ENUM_CONVERSION = YES;
				CLANG_WARN_INFINITE_RECURSION = YES;
				CLANG_WARN_INT_CONVERSION = YES;
				CLANG_WARN_NON_LITERAL_NULL_CONVERSION = YES;
				CLANG_WARN_OBJC_IMPLICIT_RETAIN_SELF = YES;
				CLANG_WARN_OBJC_LITERAL_CONVERSION = YES;
				CLANG_WARN_OBJC_ROOT_CLASS = YES_ERROR;
				CLANG_WARN_QUOTED_INCLUDE_IN_FRAMEWORK_HEADER = YES;
				CLANG_WARN_RANGE_LOOP_ANALYSIS = YES;
				CLANG_WARN_STRICT_PROTOTYPES = YES;
				CLANG_WARN_SUSPICIOUS_MOVE = YES;
				CLANG_WARN_UNGUARDED_AVAILABILITY = YES_AGGRESSIVE;
				CLANG_WARN_UNREACHABLE_CODE = YES;
				CLANG_WARN__DUPLICATE_METHOD_MATCH = YES;
				COPY_PHASE_STRIP = NO;
				DEBUG_INFORMATION_FORMAT = dwarf;
				ENABLE_STRICT_OBJC_MSGSEND = YES;
				ENABLE_TESTABILITY = YES;
				GCC_C_LANGUAGE_STANDARD = gnu11;
				GCC_DYNAMIC_NO_PIC = NO;
				GCC_NO_COMMON_BLOCKS = YES;
				GCC_OPTIMIZATION_LEVEL = 0;
				GCC_PREPROCESSOR_DEFINITIONS = (
					"DEBUG=1",
					"$(inherited)",
				);
				GCC_WARN_64_TO_32_BIT_CONVERSION = YES;
				GCC_WARN_ABOUT_RETURN_TYPE = YES_ERROR;
				GCC_WARN_UNDECLARED_SELECTOR = YES;
				GCC_WARN_UNINITIALIZED_AUTOS = YES_AGGRESSIVE;
				GCC_WARN_UNUSED_FUNCTION = YES;
				GCC_WARN_UNUSED_VARIABLE = YES;
				IPHONEOS_DEPLOYMENT_TARGET = 16.4;
				MTL_ENABLE_DEBUG_INFO = INCLUDE_SOURCE;
				MTL_FAST_MATH = YES;
				ONLY_ACTIVE_ARCH = YES;
				SDKROOT = iphoneos;
				SWIFT_ACTIVE_COMPILATION_CONDITIONS = DEBUG;
				SWIFT_OPTIMIZATION_LEVEL = "-Onone";
			};
			name = Debug;
		};
		1A44C1732A7D384500AC7A91 /* Release */ = {
			isa = XCBuildConfiguration;
			buildSettings = {
				ALWAYS_SEARCH_USER_PATHS = NO;
				CLANG_ANALYZER_NONNULL = YES;
				CLANG_ANALYZER_NUMBER_OBJECT_CONVERSION = YES_AGGRESSIVE;
				CLANG_CXX_LANGUAGE_STANDARD = "gnu++20";
				CLANG_ENABLE_MODULES = YES;
				CLANG_ENABLE_OBJC_ARC = YES;
				CLANG_ENABLE_OBJC_WEAK = YES;
				CLANG_WARN_BLOCK_CAPTURE_AUTORELEASING = YES;
				CLANG_WARN_BOOL_CONVERSION = YES;
				CLANG_WARN_COMMA = YES;
				CLANG_WARN_CONSTANT_CONVERSION = YES;
				CLANG_WARN_DEPRECATED_OBJC_IMPLEMENTATIONS = YES;
				CLANG_WARN_DIRECT_OBJC_ISA_USAGE = YES_ERROR;
				CLANG_WARN_DOCUMENTATION_COMMENTS = YES;
				CLANG_WARN_EMPTY_BODY = YES;
				CLANG_WARN_ENUM_CONVERSION = YES;
				CLANG_WARN_INFINITE_RECURSION = YES;
				CLANG_WARN_INT_CONVERSION = YES;
				CLANG_WARN_NON_LITERAL_NULL_CONVERSION = YES;
				CLANG_WARN_OBJC_IMPLICIT_RETAIN_SELF = YES;
				CLANG_WARN_OBJC_LITERAL_CONVERSION = YES;
				CLANG_WARN_OBJC_ROOT_CLASS = YES_ERROR;
				CLANG_WARN_QUOTED_INCLUDE_IN_FRAMEWORK_HEADER = YES;
				CLANG_WARN_RANGE_LOOP_ANALYSIS = YES;
				CLANG_WARN_STRICT_PROTOTYPES = YES;
				CLANG_WARN_SUSPICIOUS_MOVE = YES;
				CLANG_WARN_UNGUARDED_AVAILABILITY = YES_AGGRESSIVE;
				CLANG_WARN_UNREACHABLE_CODE = YES;
				CLANG_WARN__DUPLICATE_METHOD_MATCH = YES;
				COPY_PHASE_STRIP = NO;
				DEBUG_INFORMATION_FORMAT = "dwarf-with-dsym";
				ENABLE_NS_ASSERTIONS = NO;
				ENABLE_STRICT_OBJC_MSGSEND = YES;
				GCC_C_LANGUAGE_STANDARD = gnu11;
				GCC_NO_COMMON_BLOCKS = YES;
				GCC_WARN_64_TO_32_BIT_CONVERSION = YES;
				GCC_WARN_ABOUT_RETURN_TYPE = YES_ERROR;
				GCC_WARN_UNDECLARED_SELECTOR = YES;
				GCC_WARN_UNINITIALIZED_AUTOS = YES_AGGRESSIVE;
				GCC_WARN_UNUSED_FUNCTION = YES;
				GCC_WARN_UNUSED_VARIABLE = YES;
				IPHONEOS_DEPLOYMENT_TARGET = 16.4;
				MTL_ENABLE_DEBUG_INFO = NO;
				MTL_FAST_MATH = YES;
				SDKROOT = iphoneos;
				SWIFT_COMPILATION_MODE = wholemodule;
				SWIFT_OPTIMIZATION_LEVEL = "-O";
				VALIDATE_PRODUCT = YES;
			};
			name = Release;
		};
		1A44C1752A7D384500AC7A91 /* Debug */ = {
			isa = XCBuildConfiguration;
			buildSettings = {
				ASSETCATALOG_COMPILER_APPICON_NAME = AppIcon;
				ASSETCATALOG_COMPILER_GLOBAL_ACCENT_COLOR_NAME = AccentColor;
				CODE_SIGN_STYLE = Automatic;
				CURRENT_PROJECT_VERSION = 1;
				DEVELOPMENT_ASSET_PATHS = "\"Project1/Preview Content\"";
				ENABLE_PREVIEWS = YES;
				GENERATE_INFOPLIST_FILE = YES;
				INFOPLIST_KEY_UIApplicationSceneManifest_Generation = YES;
				INFOPLIST_KEY_UIApplicationSupportsIndirectInputEvents = YES;
				INFOPLIST_KEY_UILaunchScreen_Generation = YES;
				INFOPLIST_KEY_UISupportedInterfaceOrientations_iPad = "UIInterfaceOrientationPortrait UIInterfaceOrientationPortraitUpsideDown UIInterfaceOrientationLandscapeLeft UIInterfaceOrientationLandscapeRight";
				INFOPLIST_KEY_UISupportedInterfaceOrientations_iPhone = "UIInterfaceOrientationPortrait UIInterfaceOrientationLandscapeLeft UIInterfaceOrientationLandscapeRight";
				LD_RUNPATH_SEARCH_PATHS = (
					"$(inherited)",
					"@executable_path/Frameworks",
				);
				MARKETING_VERSION = 1.0;
				PRODUCT_BUNDLE_IDENTIFIER = Muneera.Project1;
				PRODUCT_NAME = "$(TARGET_NAME)";
				SWIFT_EMIT_LOC_STRINGS = YES;
				SWIFT_VERSION = 5.0;
				TARGETED_DEVICE_FAMILY = "1,2";
			};
			name = Debug;
		};
		1A44C1762A7D384500AC7A91 /* Release */ = {
			isa = XCBuildConfiguration;
			buildSettings = {
				ASSETCATALOG_COMPILER_APPICON_NAME = AppIcon;
				ASSETCATALOG_COMPILER_GLOBAL_ACCENT_COLOR_NAME = AccentColor;
				CODE_SIGN_STYLE = Automatic;
				CURRENT_PROJECT_VERSION = 1;
				DEVELOPMENT_ASSET_PATHS = "\"Project1/Preview Content\"";
				ENABLE_PREVIEWS = YES;
				GENERATE_INFOPLIST_FILE = YES;
				INFOPLIST_KEY_UIApplicationSceneManifest_Generation = YES;
				INFOPLIST_KEY_UIApplicationSupportsIndirectInputEvents = YES;
				INFOPLIST_KEY_UILaunchScreen_Generation = YES;
				INFOPLIST_KEY_UISupportedInterfaceOrientations_iPad = "UIInterfaceOrientationPortrait UIInterfaceOrientationPortraitUpsideDown UIInterfaceOrientationLandscapeLeft UIInterfaceOrientationLandscapeRight";
				INFOPLIST_KEY_UISupportedInterfaceOrientations_iPhone = "UIInterfaceOrientationPortrait UIInterfaceOrientationLandscapeLeft UIInterfaceOrientationLandscapeRight";
				LD_RUNPATH_SEARCH_PATHS = (
					"$(inherited)",
					"@executable_path/Frameworks",
				);
				MARKETING_VERSION = 1.0;
				PRODUCT_BUNDLE_IDENTIFIER = Muneera.Project1;
				PRODUCT_NAME = "$(TARGET_NAME)";
				SWIFT_EMIT_LOC_STRINGS = YES;
				SWIFT_VERSION = 5.0;
				TARGETED_DEVICE_FAMILY = "1,2";
			};
			name = Release;
		};
/* End XCBuildConfiguration section */

/* Begin XCConfigurationList section */
		1A44C1612A7D384400AC7A91 /* Build configuration list for PBXProject "Project1" */ = {
			isa = XCConfigurationList;
			buildConfigurations = (
				1A44C1722A7D384500AC7A91 /* Debug */,
				1A44C1732A7D384500AC7A91 /* Release */,
			);
			defaultConfigurationIsVisible = 0;
			defaultConfigurationName = Release;
		};
		1A44C1742A7D384500AC7A91 /* Build configuration list for PBXNativeTarget "Project1" */ = {
			isa = XCConfigurationList;
			buildConfigurations = (
				1A44C1752A7D384500AC7A91 /* Debug */,
				1A44C1762A7D384500AC7A91 /* Release */,
			);
			defaultConfigurationIsVisible = 0;
			defaultConfigurationName = Release;
		};
/* End XCConfigurationList section */
	};
	rootObject = 1A44C15E2A7D384400AC7A91 /* Project object */;
}
